
Microsoft Visual Studio Solution File, Format Version 12.00
# Visual Studio 15
VisualStudioVersion = 15.0.27004.2002
MinimumVisualStudioVersion = 10.0.40219.1
Project("{FAE04EC0-301F-11D3-BF4B-00C04F79EFBC}") = "AbstractFactoryModel", "AbstractFactoryModel\AbstractFactoryModel.csproj", "{40B0EFA8-3E41-473F-A73C-A0E16CB34CC4}"
EndProject
Project("{FAE04EC0-301F-11D3-BF4B-00C04F79EFBC}") = "AbstractFactoryServiceDAL", "AbstractFactoryServiceDAL\AbstractFactoryServiceDAL.csproj", "{B652E334-869E-4CE7-BF7C-0D72C36F389A}"
EndProject
Project("{FAE04EC0-301F-11D3-BF4B-00C04F79EFBC}") = "AbstractFactoryServiceImplementList", "AbstractFactoryServiceImplementList\AbstractFactoryServiceImplementList.csproj", "{A479CD32-4E33-447F-AE08-ADD1EDC77423}"
EndProject
Project("{FAE04EC0-301F-11D3-BF4B-00C04F79EFBC}") = "AbstractFactoryView", "AbstractFactoryView\AbstractFactoryView.csproj", "{4F6BAEF1-D953-439D-ABB3-28B859B20F74}"
EndProject
Global
	GlobalSection(SolutionConfigurationPlatforms) = preSolution
		Debug|Any CPU = Debug|Any CPU
		Release|Any CPU = Release|Any CPU
	EndGlobalSection
	GlobalSection(ProjectConfigurationPlatforms) = postSolution
		{40B0EFA8-3E41-473F-A73C-A0E16CB34CC4}.Debug|Any CPU.ActiveCfg = Debug|Any CPU
		{40B0EFA8-3E41-473F-A73C-A0E16CB34CC4}.Debug|Any CPU.Build.0 = Debug|Any CPU
		{40B0EFA8-3E41-473F-A73C-A0E16CB34CC4}.Release|Any CPU.ActiveCfg = Release|Any CPU
		{40B0EFA8-3E41-473F-A73C-A0E16CB34CC4}.Release|Any CPU.Build.0 = Release|Any CPU
		{B652E334-869E-4CE7-BF7C-0D72C36F389A}.Debug|Any CPU.ActiveCfg = Debug|Any CPU
		{B652E334-869E-4CE7-BF7C-0D72C36F389A}.Debug|Any CPU.Build.0 = Debug|Any CPU
		{B652E334-869E-4CE7-BF7C-0D72C36F389A}.Release|Any CPU.ActiveCfg = Release|Any CPU
		{B652E334-869E-4CE7-BF7C-0D72C36F389A}.Release|Any CPU.Build.0 = Release|Any CPU
		{A479CD32-4E33-447F-AE08-ADD1EDC77423}.Debug|Any CPU.ActiveCfg = Debug|Any CPU
		{A479CD32-4E33-447F-AE08-ADD1EDC77423}.Debug|Any CPU.Build.0 = Debug|Any CPU
		{A479CD32-4E33-447F-AE08-ADD1EDC77423}.Release|Any CPU.ActiveCfg = Release|Any CPU
		{A479CD32-4E33-447F-AE08-ADD1EDC77423}.Release|Any CPU.Build.0 = Release|Any CPU
		{4F6BAEF1-D953-439D-ABB3-28B859B20F74}.Debug|Any CPU.ActiveCfg = Debug|Any CPU
		{4F6BAEF1-D953-439D-ABB3-28B859B20F74}.Debug|Any CPU.Build.0 = Debug|Any CPU
		{4F6BAEF1-D953-439D-ABB3-28B859B20F74}.Release|Any CPU.ActiveCfg = Release|Any CPU
		{4F6BAEF1-D953-439D-ABB3-28B859B20F74}.Release|Any CPU.Build.0 = Release|Any CPU
	EndGlobalSection
	GlobalSection(SolutionProperties) = preSolution
		HideSolutionNode = FALSE
	EndGlobalSection
	GlobalSection(ExtensibilityGlobals) = postSolution
		SolutionGuid = {3945A3A0-2676-4F19-AACC-B9E6448E6A91}
	EndGlobalSection
EndGlobal
